
Microsoft Visual Studio Solution File, Format Version 12.00
# Visual Studio Version 16
VisualStudioVersion = 16.0.30523.141
MinimumVisualStudioVersion = 10.0.40219.1
Project("{FAE04EC0-301F-11D3-BF4B-00C04F79EFBC}") = "Backend", "Backend\Backend.csproj", "{04BE3390-E373-4711-A662-34574CE1E0ED}"
EndProject
Project("{FAE04EC0-301F-11D3-BF4B-00C04F79EFBC}") = "Business", "Business\Business.csproj", "{FED93747-D7AB-4CF5-AAC5-40104533A634}"
EndProject
Project("{FAE04EC0-301F-11D3-BF4B-00C04F79EFBC}") = "Core", "Core\Core.csproj", "{F7DAC222-42E7-4BF1-9004-37ADCED71430}"
EndProject
Project("{FAE04EC0-301F-11D3-BF4B-00C04F79EFBC}") = "Infrastructure", "Infrastructure\Infrastructure.csproj", "{55BEE3BD-F2DF-4097-98DC-5AD5D6A3B3D3}"
EndProject
Global
	GlobalSection(SolutionConfigurationPlatforms) = preSolution
		Debug|Any CPU = Debug|Any CPU
		Release|Any CPU = Release|Any CPU
	EndGlobalSection
	GlobalSection(ProjectConfigurationPlatforms) = postSolution
		{04BE3390-E373-4711-A662-34574CE1E0ED}.Debug|Any CPU.ActiveCfg = Debug|Any CPU
		{04BE3390-E373-4711-A662-34574CE1E0ED}.Debug|Any CPU.Build.0 = Debug|Any CPU
		{04BE3390-E373-4711-A662-34574CE1E0ED}.Release|Any CPU.ActiveCfg = Release|Any CPU
		{04BE3390-E373-4711-A662-34574CE1E0ED}.Release|Any CPU.Build.0 = Release|Any CPU
		{FED93747-D7AB-4CF5-AAC5-40104533A634}.Debug|Any CPU.ActiveCfg = Debug|Any CPU
		{FED93747-D7AB-4CF5-AAC5-40104533A634}.Debug|Any CPU.Build.0 = Debug|Any CPU
		{FED93747-D7AB-4CF5-AAC5-40104533A634}.Release|Any CPU.ActiveCfg = Release|Any CPU
		{FED93747-D7AB-4CF5-AAC5-40104533A634}.Release|Any CPU.Build.0 = Release|Any CPU
		{F7DAC222-42E7-4BF1-9004-37ADCED71430}.Debug|Any CPU.ActiveCfg = Debug|Any CPU
		{F7DAC222-42E7-4BF1-9004-37ADCED71430}.Debug|Any CPU.Build.0 = Debug|Any CPU
		{F7DAC222-42E7-4BF1-9004-37ADCED71430}.Release|Any CPU.ActiveCfg = Release|Any CPU
		{F7DAC222-42E7-4BF1-9004-37ADCED71430}.Release|Any CPU.Build.0 = Release|Any CPU
		{55BEE3BD-F2DF-4097-98DC-5AD5D6A3B3D3}.Debug|Any CPU.ActiveCfg = Debug|Any CPU
		{55BEE3BD-F2DF-4097-98DC-5AD5D6A3B3D3}.Debug|Any CPU.Build.0 = Debug|Any CPU
		{55BEE3BD-F2DF-4097-98DC-5AD5D6A3B3D3}.Release|Any CPU.ActiveCfg = Release|Any CPU
		{55BEE3BD-F2DF-4097-98DC-5AD5D6A3B3D3}.Release|Any CPU.Build.0 = Release|Any CPU
	EndGlobalSection
	GlobalSection(SolutionProperties) = preSolution
		HideSolutionNode = FALSE
	EndGlobalSection
	GlobalSection(ExtensibilityGlobals) = postSolution
		SolutionGuid = {F5DF3FC8-30CE-4760-BDFD-64C52AA1F615}
	EndGlobalSection
EndGlobal
